
Microsoft Visual Studio Solution File, Format Version 12.00
# Visual Studio Version 16
VisualStudioVersion = 16.0.32228.343
MinimumVisualStudioVersion = 10.0.40219.1
Project("{FAE04EC0-301F-11D3-BF4B-00C04F79EFBC}") = "chess", "chess.csproj", "{1A8AE718-7750-45E9-8E7A-24E3088B0AAA}"
EndProject
Global
	GlobalSection(SolutionConfigurationPlatforms) = preSolution
		Debug|Any CPU = Debug|Any CPU
		Release|Any CPU = Release|Any CPU
	EndGlobalSection
	GlobalSection(ProjectConfigurationPlatforms) = postSolution
		{1A8AE718-7750-45E9-8E7A-24E3088B0AAA}.Debug|Any CPU.ActiveCfg = Debug|Any CPU
		{1A8AE718-7750-45E9-8E7A-24E3088B0AAA}.Debug|Any CPU.Build.0 = Debug|Any CPU
		{1A8AE718-7750-45E9-8E7A-24E3088B0AAA}.Release|Any CPU.ActiveCfg = Release|Any CPU
		{1A8AE718-7750-45E9-8E7A-24E3088B0AAA}.Release|Any CPU.Build.0 = Release|Any CPU
	EndGlobalSection
	GlobalSection(SolutionProperties) = preSolution
		HideSolutionNode = FALSE
	EndGlobalSection
	GlobalSection(ExtensibilityGlobals) = postSolution
		SolutionGuid = {9D2180D0-792D-4E73-AE3A-B0FD8720269F}
	EndGlobalSection
EndGlobal
